# THIS IS AN AUTOGENERATED FILE. DO NOT EDIT THIS FILE DIRECTLY.
# yarn lockfile v1


orderedmap@^1.1.0:
  version "1.1.1"
  resolved "https://registry.yarnpkg.com/orderedmap/-/orderedmap-1.1.1.tgz#c618e77611b3b21d0fe3edc92586265e0059c789"
  integrity sha512-3Ux8um0zXbVacKUkcytc0u3HgC0b0bBLT+I60r2J/En72cI0nZffqrA7Xtf2Hqs27j1g82llR5Mhbd0Z1XW4AQ==

prosemirror-commands@^1.1.3:
  version "1.1.3"
  resolved "https://registry.yarnpkg.com/prosemirror-commands/-/prosemirror-commands-1.1.3.tgz#4ee481ff062a02498ff3d50cfcca2f6327fd1fde"
  integrity sha512-YVbKwTR4likoyhuwIUC9egbzHvnFrFUNbiesB0DB/HZ8hBcopQ42Tb4KGlYrS3n+pNDTFObN73CLFY6mYLN2IQ==
  dependencies:
    prosemirror-model "^1.0.0"
    prosemirror-state "^1.0.0"
    prosemirror-transform "^1.0.0"

prosemirror-history@^1.1.3:
  version "1.1.3"
  resolved "https://registry.yarnpkg.com/prosemirror-history/-/prosemirror-history-1.1.3.tgz#4f76a1e71db4ef7cdf0e13dec6d8da2aeaecd489"
  integrity sha512-zGDotijea+vnfnyyUGyiy1wfOQhf0B/b6zYcCouBV8yo6JmrE9X23M5q7Nf/nATywEZbgRLG70R4DmfSTC+gfg==
  dependencies:
    prosemirror-state "^1.2.2"
    prosemirror-transform "^1.0.0"
    rope-sequence "^1.3.0"

prosemirror-keymap@^1.1.3:
  version "1.1.3"
  resolved "https://registry.yarnpkg.com/prosemirror-keymap/-/prosemirror-keymap-1.1.3.tgz#be22d6108df2521608e9216a87b1a810f0ed361e"
  integrity sha512-PRA4NzkUMzV/NFf5pyQ6tmlIHiW/qjQ1kGWUlV2rF/dvlOxtpGpTEjIMhWgLuMf+HiDEFnUEP7uhYXu+t+491g==
  dependencies:
    prosemirror-state "^1.0.0"
    w3c-keyname "^2.2.0"

prosemirror-model@^1.0.0, prosemirror-model@^1.1.0, prosemirror-model@^1.2.0:
  version "1.9.1"
  resolved "https://registry.yarnpkg.com/prosemirror-model/-/prosemirror-model-1.9.1.tgz#8c08cf556f593c5f015548d2c1a6825661df087f"
  integrity sha512-Qblh8pm1c7Ll64sYLauwwzjimo/tFg1zW3Q3IWhKRhvfOEgRKqa6dC5pRrAa+XHOIjBFEYrqbi52J5bqA2dV8Q==
  dependencies:
    orderedmap "^1.1.0"

prosemirror-schema-basic@^1.1.2:
  version "1.1.2"
  resolved "https://registry.yarnpkg.com/prosemirror-schema-basic/-/prosemirror-schema-basic-1.1.2.tgz#4bde5c339c845e0d08ec8fe473064e372ca51ae3"
  integrity sha512-G4q8WflNsR1Q33QAV4MQO0xWrHLOJ+BQcKswGXMy626wlQj6c/1n1v4eC9ns+h2y1r/fJHZEgSZnsNhm9lbrDw==
  dependencies:
    prosemirror-model "^1.2.0"

prosemirror-state@^1.0.0, prosemirror-state@^1.2.2, prosemirror-state@^1.3.2:
  version "1.3.2"
  resolved "https://registry.yarnpkg.com/prosemirror-state/-/prosemirror-state-1.3.2.tgz#1b910b0dc01c1f00926bb9ba1589f7b7ac0d658b"
  integrity sha512-t/JqE3aR0SV9QrzFVkAXsQwsgrQBNs/BDbcFH20RssW0xauqNNdjTXxy/J/kM7F+0zYi6+BRmz7cMMQQFU3mwQ==
  dependencies:
    prosemirror-model "^1.0.0"
    prosemirror-transform "^1.0.0"

prosemirror-transform@^1.0.0, prosemirror-transform@^1.1.0:
  version "1.2.3"
  resolved "https://registry.yarnpkg.com/prosemirror-transform/-/prosemirror-transform-1.2.3.tgz#239d17591af24d39ef3f1999daa09e1f1c76b06a"
  integrity sha512-PUfayeskQfuUBXktvL6207ZWRwHBFNPNPiek4fR+LgCPnBofuEb2+L0FfbNtrAwffHVs6M3DaFvJB1W2VQdV0A==
  dependencies:
    prosemirror-model "^1.0.0"

prosemirror-view@^1.14.2:
  version "1.14.2"
  resolved "https://registry.yarnpkg.com/prosemirror-view/-/prosemirror-view-1.14.2.tgz#23eb89f6101e9671b5e0c19d82ee0ad9de5608de"
  integrity sha512-9yPVH6OLyaEraHjWHbSk2DB0R/1TsEE6AA1LI+vmCypXXA+zTzNrktUFzBhSJHehXDoEJcQfnl1Wdp5GPSh2+g==
  dependencies:
    prosemirror-model "^1.1.0"
    prosemirror-state "^1.0.0"
    prosemirror-transform "^1.1.0"

rope-sequence@^1.3.0:
  version "1.3.2"
  resolved "https://registry.yarnpkg.com/rope-sequence/-/rope-sequence-1.3.2.tgz#a19e02d72991ca71feb6b5f8a91154e48e3c098b"
  integrity sha512-ku6MFrwEVSVmXLvy3dYph3LAMNS0890K7fabn+0YIRQ2T96T9F4gkFf0vf0WW0JUraNWwGRtInEpH7yO4tbQZg==

w3c-keyname@^2.2.0:
  version "2.2.2"
  resolved "https://registry.yarnpkg.com/w3c-keyname/-/w3c-keyname-2.2.2.tgz#7ea63170454bb19f1a3c6b628fc3dc8889276e91"
  integrity sha512-8Vs/aVwcy0IJACaPm4tyzh1fzehZE70bGSjEl3dDms5UXtWnaBElrSHC8lDDeak0Gk5jxKOFstL64/65o7Ge2A==
